// !$*UTF8*$!
{
	archiveVersion = 1;
	classes = {
	};
	objectVersion = 50;
	objects = {

/* Begin PBXBuildFile section */
		047D9B252615EDB00083703E /* AppDelegate.swift in Sources */ = {isa = PBXBuildFile; fileRef = 047D9B242615EDB00083703E /* AppDelegate.swift */; };
		047D9B272615EDB00083703E /* SceneDelegate.swift in Sources */ = {isa = PBXBuildFile; fileRef = 047D9B262615EDB00083703E /* SceneDelegate.swift */; };
		047D9B292615EDB00083703E /* ViewController.swift in Sources */ = {isa = PBXBuildFile; fileRef = 047D9B282615EDB00083703E /* ViewController.swift */; };
		047D9B2C2615EDB00083703E /* Main.storyboard in Resources */ = {isa = PBXBuildFile; fileRef = 047D9B2A2615EDB00083703E /* Main.storyboard */; };
		047D9B2E2615EDB10083703E /* Assets.xcassets in Resources */ = {isa = PBXBuildFile; fileRef = 047D9B2D2615EDB10083703E /* Assets.xcassets */; };
		047D9B312615EDB10083703E /* LaunchScreen.storyboard in Resources */ = {isa = PBXBuildFile; fileRef = 047D9B2F2615EDB10083703E /* LaunchScreen.storyboard */; };
		047D9B3C2615EDB20083703E /* shareDemoTests.swift in Sources */ = {isa = PBXBuildFile; fileRef = 047D9B3B2615EDB20083703E /* shareDemoTests.swift */; };
		047D9B472615EDB20083703E /* shareDemoUITests.swift in Sources */ = {isa = PBXBuildFile; fileRef = 047D9B462615EDB20083703E /* shareDemoUITests.swift */; };
/* End PBXBuildFile section */

/* Begin PBXContainerItemProxy section */
		047D9B382615EDB20083703E /* PBXContainerItemProxy */ = {
			isa = PBXContainerItemProxy;
			containerPortal = 047D9B192615EDB00083703E /* Project object */;
			proxyType = 1;
			remoteGlobalIDString = 047D9B202615EDB00083703E;
			remoteInfo = shareDemo;
		};
		047D9B432615EDB20083703E /* PBXContainerItemProxy */ = {
			isa = PBXContainerItemProxy;
			containerPortal = 047D9B192615EDB00083703E /* Project object */;
			proxyType = 1;
			remoteGlobalIDString = 047D9B202615EDB00083703E;
			remoteInfo = shareDemo;
		};
/* End PBXContainerItemProxy section */

/* Begin PBXFileReference section */
		047D9B212615EDB00083703E /* shareDemo.app */ = {isa = PBXFileReference; explicitFileType = wrapper.application; includeInIndex = 0; path = shareDemo.app; sourceTree = BUILT_PRODUCTS_DIR; };
		047D9B242615EDB00083703E /* AppDelegate.swift */ = {isa = PBXFileReference; lastKnownFileType = sourcecode.swift; path = AppDelegate.swift; sourceTree = "<group>"; };
		047D9B262615EDB00083703E /* SceneDelegate.swift */ = {isa = PBXFileReference; lastKnownFileType = sourcecode.swift; path = SceneDelegate.swift; sourceTree = "<group>"; };
		047D9B282615EDB00083703E /* ViewController.swift */ = {isa = PBXFileReference; lastKnownFileType = sourcecode.swift; path = ViewController.swift; sourceTree = "<group>"; };
		047D9B2B2615EDB00083703E /* Base */ = {isa = PBXFileReference; lastKnownFileType = file.storyboard; name = Base; path = Base.lproj/Main.storyboard; sourceTree = "<group>"; };
		047D9B2D2615EDB10083703E /* Assets.xcassets */ = {isa = PBXFileReference; lastKnownFileType = folder.assetcatalog; path = Assets.xcassets; sourceTree = "<group>"; };
		047D9B302615EDB10083703E /* Base */ = {isa = PBXFileReference; lastKnownFileType = file.storyboard; name = Base; path = Base.lproj/LaunchScreen.storyboard; sourceTree = "<group>"; };
		047D9B322615EDB10083703E /* Info.plist */ = {isa = PBXFileReference; lastKnownFileType = text.plist.xml; path = Info.plist; sourceTree = "<group>"; };
		047D9B372615EDB20083703E /* shareDemoTests.xctest */ = {isa = PBXFileReference; explicitFileType = wrapper.cfbundle; includeInIndex = 0; path = shareDemoTests.xctest; sourceTree = BUILT_PRODUCTS_DIR; };
		047D9B3B2615EDB20083703E /* shareDemoTests.swift */ = {isa = PBXFileReference; lastKnownFileType = sourcecode.swift; path = shareDemoTests.swift; sourceTree = "<group>"; };
		047D9B3D2615EDB20083703E /* Info.plist */ = {isa = PBXFileReference; lastKnownFileType = text.plist.xml; path = Info.plist; sourceTree = "<group>"; };
		047D9B422615EDB20083703E /* shareDemoUITests.xctest */ = {isa = PBXFileReference; explicitFileType = wrapper.cfbundle; includeInIndex = 0; path = shareDemoUITests.xctest; sourceTree = BUILT_PRODUCTS_DIR; };
		047D9B462615EDB20083703E /* shareDemoUITests.swift */ = {isa = PBXFileReference; lastKnownFileType = sourcecode.swift; path = shareDemoUITests.swift; sourceTree = "<group>"; };
		047D9B482615EDB20083703E /* Info.plist */ = {isa = PBXFileReference; lastKnownFileType = text.plist.xml; path = Info.plist; sourceTree = "<group>"; };
/* End PBXFileReference section */

/* Begin PBXFrameworksBuildPhase section */
		047D9B1E2615EDB00083703E /* Frameworks */ = {
			isa = PBXFrameworksBuildPhase;
			buildActionMask = 2147483647;
			files = (
			);
			runOnlyForDeploymentPostprocessing = 0;
		};
		047D9B342615EDB10083703E /* Frameworks */ = {
			isa = PBXFrameworksBuildPhase;
			buildActionMask = 2147483647;
			files = (
			);
			runOnlyForDeploymentPostprocessing = 0;
		};
		047D9B3F2615EDB20083703E /* Frameworks */ = {
			isa = PBXFrameworksBuildPhase;
			buildActionMask = 2147483647;
			files = (
			);
			runOnlyForDeploymentPostprocessing = 0;
		};
/* End PBXFrameworksBuildPhase section */

/* Begin PBXGroup section */
		047D9B182615EDB00083703E = {
			isa = PBXGroup;
			children = (
				047D9B232615EDB00083703E /* shareDemo */,
				047D9B3A2615EDB20083703E /* shareDemoTests */,
				047D9B452615EDB20083703E /* shareDemoUITests */,
				047D9B222615EDB00083703E /* Products */,
			);
			sourceTree = "<group>";
		};
		047D9B222615EDB00083703E /* Products */ = {
			isa = PBXGroup;
			children = (
				047D9B212615EDB00083703E /* shareDemo.app */,
				047D9B372615EDB20083703E /* shareDemoTests.xctest */,
				047D9B422615EDB20083703E /* shareDemoUITests.xctest */,
			);
			name = Products;
			sourceTree = "<group>";
		};
		047D9B232615EDB00083703E /* shareDemo */ = {
			isa = PBXGroup;
			children = (
				047D9B242615EDB00083703E /* AppDelegate.swift */,
				047D9B262615EDB00083703E /* SceneDelegate.swift */,
				047D9B282615EDB00083703E /* ViewController.swift */,
				047D9B2A2615EDB00083703E /* Main.storyboard */,
				047D9B2D2615EDB10083703E /* Assets.xcassets */,
				047D9B2F2615EDB10083703E /* LaunchScreen.storyboard */,
				047D9B322615EDB10083703E /* Info.plist */,
			);
			path = shareDemo;
			sourceTree = "<group>";
		};
		047D9B3A2615EDB20083703E /* shareDemoTests */ = {
			isa = PBXGroup;
			children = (
				047D9B3B2615EDB20083703E /* shareDemoTests.swift */,
				047D9B3D2615EDB20083703E /* Info.plist */,
			);
			path = shareDemoTests;
			sourceTree = "<group>";
		};
		047D9B452615EDB20083703E /* shareDemoUITests */ = {
			isa = PBXGroup;
			children = (
				047D9B462615EDB20083703E /* shareDemoUITests.swift */,
				047D9B482615EDB20083703E /* Info.plist */,
			);
			path = shareDemoUITests;
			sourceTree = "<group>";
		};
/* End PBXGroup section */

/* Begin PBXNativeTarget section */
		047D9B202615EDB00083703E /* shareDemo */ = {
			isa = PBXNativeTarget;
			buildConfigurationList = 047D9B4B2615EDB20083703E /* Build configuration list for PBXNativeTarget "shareDemo" */;
			buildPhases = (
				047D9B1D2615EDB00083703E /* Sources */,
				047D9B1E2615EDB00083703E /* Frameworks */,
				047D9B1F2615EDB00083703E /* Resources */,
			);
			buildRules = (
			);
			dependencies = (
			);
			name = shareDemo;
			productName = shareDemo;
			productReference = 047D9B212615EDB00083703E /* shareDemo.app */;
			productType = "com.apple.product-type.application";
		};
		047D9B362615EDB10083703E /* shareDemoTests */ = {
			isa = PBXNativeTarget;
			buildConfigurationList = 047D9B4E2615EDB20083703E /* Build configuration list for PBXNativeTarget "shareDemoTests" */;
			buildPhases = (
				047D9B332615EDB10083703E /* Sources */,
				047D9B342615EDB10083703E /* Frameworks */,
				047D9B352615EDB10083703E /* Resources */,
			);
			buildRules = (
			);
			dependencies = (
				047D9B392615EDB20083703E /* PBXTargetDependency */,
			);
			name = shareDemoTests;
			productName = shareDemoTests;
			productReference = 047D9B372615EDB20083703E /* shareDemoTests.xctest */;
			productType = "com.apple.product-type.bundle.unit-test";
		};
		047D9B412615EDB20083703E /* shareDemoUITests */ = {
			isa = PBXNativeTarget;
			buildConfigurationList = 047D9B512615EDB20083703E /* Build configuration list for PBXNativeTarget "shareDemoUITests" */;
			buildPhases = (
				047D9B3E2615EDB20083703E /* Sources */,
				047D9B3F2615EDB20083703E /* Frameworks */,
				047D9B402615EDB20083703E /* Resources */,
			);
			buildRules = (
			);
			dependencies = (
				047D9B442615EDB20083703E /* PBXTargetDependency */,
			);
			name = shareDemoUITests;
			productName = shareDemoUITests;
			productReference = 047D9B422615EDB20083703E /* shareDemoUITests.xctest */;
			productType = "com.apple.product-type.bundle.ui-testing";
		};
/* End PBXNativeTarget section */

/* Begin PBXProject section */
		047D9B192615EDB00083703E /* Project object */ = {
			isa = PBXProject;
			attributes = {
				LastSwiftUpdateCheck = 1240;
				LastUpgradeCheck = 1240;
				TargetAttributes = {
					047D9B202615EDB00083703E = {
						CreatedOnToolsVersion = 12.4;
					};
					047D9B362615EDB10083703E = {
						CreatedOnToolsVersion = 12.4;
						TestTargetID = 047D9B202615EDB00083703E;
					};
					047D9B412615EDB20083703E = {
						CreatedOnToolsVersion = 12.4;
						TestTargetID = 047D9B202615EDB00083703E;
					};
				};
			};
			buildConfigurationList = 047D9B1C2615EDB00083703E /* Build configuration list for PBXProject "shareDemo" */;
			compatibilityVersion = "Xcode 9.3";
			developmentRegion = en;
			hasScannedForEncodings = 0;
			knownRegions = (
				en,
				Base,
			);
			mainGroup = 047D9B182615EDB00083703E;
			productRefGroup = 047D9B222615EDB00083703E /* Products */;
			projectDirPath = "";
			projectRoot = "";
			targets = (
				047D9B202615EDB00083703E /* shareDemo */,
				047D9B362615EDB10083703E /* shareDemoTests */,
				047D9B412615EDB20083703E /* shareDemoUITests */,
			);
		};
/* End PBXProject section */

/* Begin PBXResourcesBuildPhase section */
		047D9B1F2615EDB00083703E /* Resources */ = {
			isa = PBXResourcesBuildPhase;
			buildActionMask = 2147483647;
			files = (
				047D9B312615EDB10083703E /* LaunchScreen.storyboard in Resources */,
				047D9B2E2615EDB10083703E /* Assets.xcassets in Resources */,
				047D9B2C2615EDB00083703E /* Main.storyboard in Resources */,
			);
			runOnlyForDeploymentPostprocessing = 0;
		};
		047D9B352615EDB10083703E /* Resources */ = {
			isa = PBXResourcesBuildPhase;
			buildActionMask = 2147483647;
			files = (
			);
			runOnlyForDeploymentPostprocessing = 0;
		};
		047D9B402615EDB20083703E /* Resources */ = {
			isa = PBXResourcesBuildPhase;
			buildActionMask = 2147483647;
			files = (
			);
			runOnlyForDeploymentPostprocessing = 0;
		};
/* End PBXResourcesBuildPhase section */

/* Begin PBXSourcesBuildPhase section */
		047D9B1D2615EDB00083703E /* Sources */ = {
			isa = PBXSourcesBuildPhase;
			buildActionMask = 2147483647;
			files = (
				047D9B292615EDB00083703E /* ViewController.swift in Sources */,
				047D9B252615EDB00083703E /* AppDelegate.swift in Sources */,
				047D9B272615EDB00083703E /* SceneDelegate.swift in Sources */,
			);
			runOnlyForDeploymentPostprocessing = 0;
		};
		047D9B332615EDB10083703E /* Sources */ = {
			isa = PBXSourcesBuildPhase;
			buildActionMask = 2147483647;
			files = (
				047D9B3C2615EDB20083703E /* shareDemoTests.swift in Sources */,
			);
			runOnlyForDeploymentPostprocessing = 0;
		};
		047D9B3E2615EDB20083703E /* Sources */ = {
			isa = PBXSourcesBuildPhase;
			buildActionMask = 2147483647;
			files = (
				047D9B472615EDB20083703E /* shareDemoUITests.swift in Sources */,
			);
			runOnlyForDeploymentPostprocessing = 0;
		};
/* End PBXSourcesBuildPhase section */

/* Begin PBXTargetDependency section */
		047D9B392615EDB20083703E /* PBXTargetDependency */ = {
			isa = PBXTargetDependency;
			target = 047D9B202615EDB00083703E /* shareDemo */;
			targetProxy = 047D9B382615EDB20083703E /* PBXContainerItemProxy */;
		};
		047D9B442615EDB20083703E /* PBXTargetDependency */ = {
			isa = PBXTargetDependency;
			target = 047D9B202615EDB00083703E /* shareDemo */;
			targetProxy = 047D9B432615EDB20083703E /* PBXContainerItemProxy */;
		};
/* End PBXTargetDependency section */

/* Begin PBXVariantGroup section */
		047D9B2A2615EDB00083703E /* Main.storyboard */ = {
			isa = PBXVariantGroup;
			children = (
				047D9B2B2615EDB00083703E /* Base */,
			);
			name = Main.storyboard;
			sourceTree = "<group>";
		};
		047D9B2F2615EDB10083703E /* LaunchScreen.storyboard */ = {
			isa = PBXVariantGroup;
			children = (
				047D9B302615EDB10083703E /* Base */,
			);
			name = LaunchScreen.storyboard;
			sourceTree = "<group>";
		};
/* End PBXVariantGroup section */

/* Begin XCBuildConfiguration section */
		047D9B492615EDB20083703E /* Debug */ = {
			isa = XCBuildConfiguration;
			buildSettings = {
				ALWAYS_SEARCH_USER_PATHS = NO;
				CLANG_ANALYZER_NONNULL = YES;
				CLANG_ANALYZER_NUMBER_OBJECT_CONVERSION = YES_AGGRESSIVE;
				CLANG_CXX_LANGUAGE_STANDARD = "gnu++14";
				CLANG_CXX_LIBRARY = "libc++";
				CLANG_ENABLE_MODULES = YES;
				CLANG_ENABLE_OBJC_ARC = YES;
				CLANG_ENABLE_OBJC_WEAK = YES;
				CLANG_WARN_BLOCK_CAPTURE_AUTORELEASING = YES;
				CLANG_WARN_BOOL_CONVERSION = YES;
				CLANG_WARN_COMMA = YES;
				CLANG_WARN_CONSTANT_CONVERSION = YES;
				CLANG_WARN_DEPRECATED_OBJC_IMPLEMENTATIONS = YES;
				CLANG_WARN_DIRECT_OBJC_ISA_USAGE = YES_ERROR;
				CLANG_WARN_DOCUMENTATION_COMMENTS = YES;
				CLANG_WARN_EMPTY_BODY = YES;
				CLANG_WARN_ENUM_CONVERSION = YES;
				CLANG_WARN_INFINITE_RECURSION = YES;
				CLANG_WARN_INT_CONVERSION = YES;
				CLANG_WARN_NON_LITERAL_NULL_CONVERSION = YES;
				CLANG_WARN_OBJC_IMPLICIT_RETAIN_SELF = YES;
				CLANG_WARN_OBJC_LITERAL_CONVERSION = YES;
				CLANG_WARN_OBJC_ROOT_CLASS = YES_ERROR;
				CLANG_WARN_QUOTED_INCLUDE_IN_FRAMEWORK_HEADER = YES;
				CLANG_WARN_RANGE_LOOP_ANALYSIS = YES;
				CLANG_WARN_STRICT_PROTOTYPES = YES;
				CLANG_WARN_SUSPICIOUS_MOVE = YES;
				CLANG_WARN_UNGUARDED_AVAILABILITY = YES_AGGRESSIVE;
				CLANG_WARN_UNREACHABLE_CODE = YES;
				CLANG_WARN__DUPLICATE_METHOD_MATCH = YES;
				COPY_PHASE_STRIP = NO;
				DEBUG_INFORMATION_FORMAT = dwarf;
				ENABLE_STRICT_OBJC_MSGSEND = YES;
				ENABLE_TESTABILITY = YES;
				GCC_C_LANGUAGE_STANDARD = gnu11;
				GCC_DYNAMIC_NO_PIC = NO;
				GCC_NO_COMMON_BLOCKS = YES;
				GCC_OPTIMIZATION_LEVEL = 0;
				GCC_PREPROCESSOR_DEFINITIONS = (
					"DEBUG=1",
					"$(inherited)",
				);
				GCC_WARN_64_TO_32_BIT_CONVERSION = YES;
				GCC_WARN_ABOUT_RETURN_TYPE = YES_ERROR;
				GCC_WARN_UNDECLARED_SELECTOR = YES;
				GCC_WARN_UNINITIALIZED_AUTOS = YES_AGGRESSIVE;
				GCC_WARN_UNUSED_FUNCTION = YES;
				GCC_WARN_UNUSED_VARIABLE = YES;
				IPHONEOS_DEPLOYMENT_TARGET = 14.4;
				MTL_ENABLE_DEBUG_INFO = INCLUDE_SOURCE;
				MTL_FAST_MATH = YES;
				ONLY_ACTIVE_ARCH = YES;
				SDKROOT = iphoneos;
				SWIFT_ACTIVE_COMPILATION_CONDITIONS = DEBUG;
				SWIFT_OPTIMIZATION_LEVEL = "-Onone";
			};
			name = Debug;
		};
		047D9B4A2615EDB20083703E /* Release */ = {
			isa = XCBuildConfiguration;
			buildSettings = {
				ALWAYS_SEARCH_USER_PATHS = NO;
				CLANG_ANALYZER_NONNULL = YES;
				CLANG_ANALYZER_NUMBER_OBJECT_CONVERSION = YES_AGGRESSIVE;
				CLANG_CXX_LANGUAGE_STANDARD = "gnu++14";
				CLANG_CXX_LIBRARY = "libc++";
				CLANG_ENABLE_MODULES = YES;
				CLANG_ENABLE_OBJC_ARC = YES;
				CLANG_ENABLE_OBJC_WEAK = YES;
				CLANG_WARN_BLOCK_CAPTURE_AUTORELEASING = YES;
				CLANG_WARN_BOOL_CONVERSION = YES;
				CLANG_WARN_COMMA = YES;
				CLANG_WARN_CONSTANT_CONVERSION = YES;
				CLANG_WARN_DEPRECATED_OBJC_IMPLEMENTATIONS = YES;
				CLANG_WARN_DIRECT_OBJC_ISA_USAGE = YES_ERROR;
				CLANG_WARN_DOCUMENTATION_COMMENTS = YES;
				CLANG_WARN_EMPTY_BODY = YES;
				CLANG_WARN_ENUM_CONVERSION = YES;
				CLANG_WARN_INFINITE_RECURSION = YES;
				CLANG_WARN_INT_CONVERSION = YES;
				CLANG_WARN_NON_LITERAL_NULL_CONVERSION = YES;
				CLANG_WARN_OBJC_IMPLICIT_RETAIN_SELF = YES;
				CLANG_WARN_OBJC_LITERAL_CONVERSION = YES;
				CLANG_WARN_OBJC_ROOT_CLASS = YES_ERROR;
				CLANG_WARN_QUOTED_INCLUDE_IN_FRAMEWORK_HEADER = YES;
				CLANG_WARN_RANGE_LOOP_ANALYSIS = YES;
				CLANG_WARN_STRICT_PROTOTYPES = YES;
				CLANG_WARN_SUSPICIOUS_MOVE = YES;
				CLANG_WARN_UNGUARDED_AVAILABILITY = YES_AGGRESSIVE;
				CLANG_WARN_UNREACHABLE_CODE = YES;
				CLANG_WARN__DUPLICATE_METHOD_MATCH = YES;
				COPY_PHASE_STRIP = NO;
				DEBUG_INFORMATION_FORMAT = "dwarf-with-dsym";
				ENABLE_NS_ASSERTIONS = NO;
				ENABLE_STRICT_OBJC_MSGSEND = YES;
				GCC_C_LANGUAGE_STANDARD = gnu11;
				GCC_NO_COMMON_BLOCKS = YES;
				GCC_WARN_64_TO_32_BIT_CONVERSION = YES;
				GCC_WARN_ABOUT_RETURN_TYPE = YES_ERROR;
				GCC_WARN_UNDECLARED_SELECTOR = YES;
				GCC_WARN_UNINITIALIZED_AUTOS = YES_AGGRESSIVE;
				GCC_WARN_UNUSED_FUNCTION = YES;
				GCC_WARN_UNUSED_VARIABLE = YES;
				IPHONEOS_DEPLOYMENT_TARGET = 14.4;
				MTL_ENABLE_DEBUG_INFO = NO;
				MTL_FAST_MATH = YES;
				SDKROOT = iphoneos;
				SWIFT_COMPILATION_MODE = wholemodule;
				SWIFT_OPTIMIZATION_LEVEL = "-O";
				VALIDATE_PRODUCT = YES;
			};
			name = Release;
		};
		047D9B4C2615EDB20083703E /* Debug */ = {
			isa = XCBuildConfiguration;
			buildSettings = {
				ASSETCATALOG_COMPILER_APPICON_NAME = AppIcon;
				ASSETCATALOG_COMPILER_GLOBAL_ACCENT_COLOR_NAME = AccentColor;
				CODE_SIGN_STYLE = Automatic;
				DEVELOPMENT_TEAM = 464SHFHKT7;
				INFOPLIST_FILE = shareDemo/Info.plist;
				LD_RUNPATH_SEARCH_PATHS = (
					"$(inherited)",
					"@executable_path/Frameworks",
				);
				PRODUCT_BUNDLE_IDENTIFIER = meetbudheliya.shareDemo;
				PRODUCT_NAME = "$(TARGET_NAME)";
				SWIFT_VERSION = 5.0;
				TARGETED_DEVICE_FAMILY = "1,2";
			};
			name = Debug;
		};
		047D9B4D2615EDB20083703E /* Release */ = {
			isa = XCBuildConfiguration;
			buildSettings = {
				ASSETCATALOG_COMPILER_APPICON_NAME = AppIcon;
				ASSETCATALOG_COMPILER_GLOBAL_ACCENT_COLOR_NAME = AccentColor;
				CODE_SIGN_STYLE = Automatic;
				DEVELOPMENT_TEAM = 464SHFHKT7;
				INFOPLIST_FILE = shareDemo/Info.plist;
				LD_RUNPATH_SEARCH_PATHS = (
					"$(inherited)",
					"@executable_path/Frameworks",
				);
				PRODUCT_BUNDLE_IDENTIFIER = meetbudheliya.shareDemo;
				PRODUCT_NAME = "$(TARGET_NAME)";
				SWIFT_VERSION = 5.0;
				TARGETED_DEVICE_FAMILY = "1,2";
			};
			name = Release;
		};
		047D9B4F2615EDB20083703E /* Debug */ = {
			isa = XCBuildConfiguration;
			buildSettings = {
				ALWAYS_EMBED_SWIFT_STANDARD_LIBRARIES = YES;
				BUNDLE_LOADER = "$(TEST_HOST)";
				CODE_SIGN_STYLE = Automatic;
				DEVELOPMENT_TEAM = 464SHFHKT7;
				INFOPLIST_FILE = shareDemoTests/Info.plist;
				IPHONEOS_DEPLOYMENT_TARGET = 14.4;
				LD_RUNPATH_SEARCH_PATHS = (
					"$(inherited)",
					"@executable_path/Frameworks",
					"@loader_path/Frameworks",
				);
				PRODUCT_BUNDLE_IDENTIFIER = meetbudheliya.shareDemoTests;
				PRODUCT_NAME = "$(TARGET_NAME)";
				SWIFT_VERSION = 5.0;
				TARGETED_DEVICE_FAMILY = "1,2";
				TEST_HOST = "$(BUILT_PRODUCTS_DIR)/shareDemo.app/shareDemo";
			};
			name = Debug;
		};
		047D9B502615EDB20083703E /* Release */ = {
			isa = XCBuildConfiguration;
			buildSettings = {
				ALWAYS_EMBED_SWIFT_STANDARD_LIBRARIES = YES;
				BUNDLE_LOADER = "$(TEST_HOST)";
				CODE_SIGN_STYLE = Automatic;
				DEVELOPMENT_TEAM = 464SHFHKT7;
				INFOPLIST_FILE = shareDemoTests/Info.plist;
				IPHONEOS_DEPLOYMENT_TARGET = 14.4;
				LD_RUNPATH_SEARCH_PATHS = (
					"$(inherited)",
					"@executable_path/Frameworks",
					"@loader_path/Frameworks",
				);
				PRODUCT_BUNDLE_IDENTIFIER = meetbudheliya.shareDemoTests;
				PRODUCT_NAME = "$(TARGET_NAME)";
				SWIFT_VERSION = 5.0;
				TARGETED_DEVICE_FAMILY = "1,2";
				TEST_HOST = "$(BUILT_PRODUCTS_DIR)/shareDemo.app/shareDemo";
			};
			name = Release;
		};
		047D9B522615EDB20083703E /* Debug */ = {
			isa = XCBuildConfiguration;
			buildSettings = {
				ALWAYS_EMBED_SWIFT_STANDARD_LIBRARIES = YES;
				CODE_SIGN_STYLE = Automatic;
				DEVELOPMENT_TEAM = 464SHFHKT7;
				INFOPLIST_FILE = shareDemoUITests/Info.plist;
				LD_RUNPATH_SEARCH_PATHS = (
					"$(inherited)",
					"@executable_path/Frameworks",
					"@loader_path/Frameworks",
				);
				PRODUCT_BUNDLE_IDENTIFIER = meetbudheliya.shareDemoUITests;
				PRODUCT_NAME = "$(TARGET_NAME)";
				SWIFT_VERSION = 5.0;
				TARGETED_DEVICE_FAMILY = "1,2";
				TEST_TARGET_NAME = shareDemo;
			};
			name = Debug;
		};
		047D9B532615EDB20083703E /* Release */ = {
			isa = XCBuildConfiguration;
			buildSettings = {
				ALWAYS_EMBED_SWIFT_STANDARD_LIBRARIES = YES;
				CODE_SIGN_STYLE = Automatic;
				DEVELOPMENT_TEAM = 464SHFHKT7;
				INFOPLIST_FILE = shareDemoUITests/Info.plist;
				LD_RUNPATH_SEARCH_PATHS = (
					"$(inherited)",
					"@executable_path/Frameworks",
					"@loader_path/Frameworks",
				);
				PRODUCT_BUNDLE_IDENTIFIER = meetbudheliya.shareDemoUITests;
				PRODUCT_NAME = "$(TARGET_NAME)";
				SWIFT_VERSION = 5.0;
				TARGETED_DEVICE_FAMILY = "1,2";
				TEST_TARGET_NAME = shareDemo;
			};
			name = Release;
		};
/* End XCBuildConfiguration section */

/* Begin XCConfigurationList section */
		047D9B1C2615EDB00083703E /* Build configuration list for PBXProject "shareDemo" */ = {
			isa = XCConfigurationList;
			buildConfigurations = (
				047D9B492615EDB20083703E /* Debug */,
				047D9B4A2615EDB20083703E /* Release */,
			);
			defaultConfigurationIsVisible = 0;
			defaultConfigurationName = Release;
		};
		047D9B4B2615EDB20083703E /* Build configuration list for PBXNativeTarget "shareDemo" */ = {
			isa = XCConfigurationList;
			buildConfigurations = (
				047D9B4C2615EDB20083703E /* Debug */,
				047D9B4D2615EDB20083703E /* Release */,
			);
			defaultConfigurationIsVisible = 0;
			defaultConfigurationName = Release;
		};
		047D9B4E2615EDB20083703E /* Build configuration list for PBXNativeTarget "shareDemoTests" */ = {
			isa = XCConfigurationList;
			buildConfigurations = (
				047D9B4F2615EDB20083703E /* Debug */,
				047D9B502615EDB20083703E /* Release */,
			);
			defaultConfigurationIsVisible = 0;
			defaultConfigurationName = Release;
		};
		047D9B512615EDB20083703E /* Build configuration list for PBXNativeTarget "shareDemoUITests" */ = {
			isa = XCConfigurationList;
			buildConfigurations = (
				047D9B522615EDB20083703E /* Debug */,
				047D9B532615EDB20083703E /* Release */,
			);
			defaultConfigurationIsVisible = 0;
			defaultConfigurationName = Release;
		};
/* End XCConfigurationList section */
	};
	rootObject = 047D9B192615EDB00083703E /* Project object */;
}
